
Microsoft Visual Studio Solution File, Format Version 12.00
# Visual Studio Version 16
VisualStudioVersion = 16.0.29209.152
MinimumVisualStudioVersion = 10.0.40219.1
Project("{F184B08F-C81C-45F6-A57F-5ABD9991F28F}") = "Chatter", "Chatter\Chatter.vbproj", "{74F377A1-5093-4A48-BD30-5E45E8228E18}"
EndProject
Global
	GlobalSection(SolutionConfigurationPlatforms) = preSolution
		Debug|Any CPU = Debug|Any CPU
		Release|Any CPU = Release|Any CPU
	EndGlobalSection
	GlobalSection(ProjectConfigurationPlatforms) = postSolution
		{74F377A1-5093-4A48-BD30-5E45E8228E18}.Debug|Any CPU.ActiveCfg = Debug|Any CPU
		{74F377A1-5093-4A48-BD30-5E45E8228E18}.Debug|Any CPU.Build.0 = Debug|Any CPU
		{74F377A1-5093-4A48-BD30-5E45E8228E18}.Release|Any CPU.ActiveCfg = Release|Any CPU
		{74F377A1-5093-4A48-BD30-5E45E8228E18}.Release|Any CPU.Build.0 = Release|Any CPU
	EndGlobalSection
	GlobalSection(SolutionProperties) = preSolution
		HideSolutionNode = FALSE
	EndGlobalSection
	GlobalSection(ExtensibilityGlobals) = postSolution
		SolutionGuid = {19B009E9-CAEB-46BF-AE89-935E6B53FA10}
	EndGlobalSection
EndGlobal
